github.com/devfullcycle/goexpert/7-Packaging/3/math v0.0.0-20240706215301-a502492fbd02 h1:XyuH1P1sKRGWVv7KSSUGrXvuLCB9kz7DjogfeyUCN5A=
github.com/devfullcycle/goexpert/7-Packaging/3/math v0.0.0-20240706215301-a502492fbd02/go.mod h1:7VcYZP9hvgGzakpc1/peqf51AVlw2mFqcY8HIvmiBL0=
github.com/google/uuid v1.6.0 h1:NIvaJDMOsjHA8n1jAhLSgzrAzy1Hgr+hNrb57e+94F0=
github.com/google/uuid v1.6.0/go.mod h1:TIyPZe4MgqvfeYDBFedMoGGpEw/LqOeaOT+nhxU+yHo=
